Microsoft Visual Studio Solution File, Format Version 12.00
# Visual Studio Version 17
VisualStudioVersion = 17.7.34302.85
MinimumVisualStudioVersion = 10.0.40219.1
Project("{9A19103F-16F7-4668-BE54-9A1E7A4F7556}") = "Tailspin.SpaceGame.Web", "Tailspin.SpaceGame.Web\Tailspin.SpaceGame.Web.csproj", "{A0C4E31E-AC75-4F39-9F59-0AA19D9B8F46}"
EndProject
Project("{9A19103F-16F7-4668-BE54-9A1E7A4F7556}") = "Tailspin.SpaceGame.Web.Second", "Tailspin.SpaceGame.Web.Second\Tailspin.SpaceGame.Web.Second.csproj", "{3CDA0DC8-85EF-41A5-B581-EEC8E79410D1}"
EndProject
Global
	GlobalSection(SolutionConfigurationPlatforms) = preSolution
		Debug|Any CPU = Debug|Any CPU
		Release|Any CPU = Release|Any CPU
	EndGlobalSection
	GlobalSection(ProjectConfigurationPlatforms) = postSolution
		{A0C4E31E-AC75-4F39-9F59-0AA19D9B8F46}.Debug|Any CPU.ActiveCfg = Debug|Any CPU
		{A0C4E31E-AC75-4F39-9F59-0AA19D9B8F46}.Debug|Any CPU.Build.0 = Debug|Any CPU
		{A0C4E31E-AC75-4F39-9F59-0AA19D9B8F46}.Release|Any CPU.ActiveCfg = Release|Any CPU
		{A0C4E31E-AC75-4F39-9F59-0AA19D9B8F46}.Release|Any CPU.Build.0 = Release|Any CPU
		{3CDA0DC8-85EF-41A5-B581-EEC8E79410D1}.Debug|Any CPU.ActiveCfg = Debug|Any CPU
		{3CDA0DC8-85EF-41A5-B581-EEC8E79410D1}.Debug|Any CPU.Build.0 = Debug|Any CPU
		{3CDA0DC8-85EF-41A5-B581-EEC8E79410D1}.Release|Any CPU.ActiveCfg = Release|Any CPU
		{3CDA0DC8-85EF-41A5-B581-EEC8E79410D1}.Release|Any CPU.Build.0 = Release|Any CPU
	EndGlobalSection
	GlobalSection(SolutionProperties) = preSolution
		HideSolutionNode = FALSE
	EndGlobalSection
EndGlobal
